
Microsoft Visual Studio Solution File, Format Version 12.00
# Visual Studio 2013
VisualStudioVersion = 12.0.31101.0
MinimumVisualStudioVersion = 10.0.40219.1
Project("{2150E333-8FDC-42A3-9474-1A3956D46DE8}") = "Solution Items", "Solution Items", "{100F953F-6699-4432-BE36-AD5415AD7D09}"
	ProjectSection(SolutionItems) = preProject
		AssemblyInfo.Version.targets = AssemblyInfo.Version.targets
		LICENSE = LICENSE
		README.md = README.md
	EndProjectSection
EndProject
Project("{2150E333-8FDC-42A3-9474-1A3956D46DE8}") = ".build", ".build", "{B7F6B61E-3BD3-4CDB-A535-59FA722E7F33}"
	ProjectSection(SolutionItems) = preProject
		.build\MSBuild.Community.Tasks.dll = .build\MSBuild.Community.Tasks.dll
		.build\MSBuild.Community.Tasks.targets = .build\MSBuild.Community.Tasks.targets
	EndProjectSection
EndProject
Project("{FAE04EC0-301F-11D3-BF4B-00C04F79EFBC}") = "FacebookSDK", "FacebookSDK.csproj", "{AF2B93C1-EAD4-4010-8528-D082D7585F83}"
EndProject
Global
	GlobalSection(SolutionConfigurationPlatforms) = preSolution
		Debug|Any CPU = Debug|Any CPU
		Release|Any CPU = Release|Any CPU
	EndGlobalSection
	GlobalSection(ProjectConfigurationPlatforms) = postSolution
		{AF2B93C1-EAD4-4010-8528-D082D7585F83}.Debug|Any CPU.ActiveCfg = Debug|Any CPU
		{AF2B93C1-EAD4-4010-8528-D082D7585F83}.Debug|Any CPU.Build.0 = Debug|Any CPU
		{AF2B93C1-EAD4-4010-8528-D082D7585F83}.Release|Any CPU.ActiveCfg = Release|Any CPU
		{AF2B93C1-EAD4-4010-8528-D082D7585F83}.Release|Any CPU.Build.0 = Release|Any CPU
	EndGlobalSection
	GlobalSection(SolutionProperties) = preSolution
		HideSolutionNode = FALSE
	EndGlobalSection
EndGlobal
